
Microsoft Visual Studio Solution File, Format Version 12.00
# Visual Studio Version 16
VisualStudioVersion = 16.0.29102.190
MinimumVisualStudioVersion = 10.0.40219.1
Project("{FAE04EC0-301F-11D3-BF4B-00C04F79EFBC}") = "tamalitoWeb", "tamalitoWeb\tamalitoWeb.csproj", "{4CCBE27C-50FD-4CC7-8171-D9FECD590ABC}"
EndProject
Global
	GlobalSection(SolutionConfigurationPlatforms) = preSolution
		Debug|Any CPU = Debug|Any CPU
		Release|Any CPU = Release|Any CPU
	EndGlobalSection
	GlobalSection(ProjectConfigurationPlatforms) = postSolution
		{4CCBE27C-50FD-4CC7-8171-D9FECD590ABC}.Debug|Any CPU.ActiveCfg = Debug|Any CPU
		{4CCBE27C-50FD-4CC7-8171-D9FECD590ABC}.Debug|Any CPU.Build.0 = Debug|Any CPU
		{4CCBE27C-50FD-4CC7-8171-D9FECD590ABC}.Release|Any CPU.ActiveCfg = Release|Any CPU
		{4CCBE27C-50FD-4CC7-8171-D9FECD590ABC}.Release|Any CPU.Build.0 = Release|Any CPU
	EndGlobalSection
	GlobalSection(SolutionProperties) = preSolution
		HideSolutionNode = FALSE
	EndGlobalSection
	GlobalSection(ExtensibilityGlobals) = postSolution
		SolutionGuid = {4C2CCB11-D018-44DF-B466-6C39860F77F4}
	EndGlobalSection
EndGlobal
